
Microsoft Visual Studio Solution File, Format Version 12.00
# Visual Studio Version 17
VisualStudioVersion = 17.7.34031.279
MinimumVisualStudioVersion = 10.0.40219.1
Project("{FAE04EC0-301F-11D3-BF4B-00C04F79EFBC}") = "Test2Task2", "Test2Task2\Test2Task2.csproj", "{035F6A36-F579-4EB4-AF9F-891A5FE7083A}"
EndProject
Global
	GlobalSection(SolutionConfigurationPlatforms) = preSolution
		Debug|Any CPU = Debug|Any CPU
		Release|Any CPU = Release|Any CPU
	EndGlobalSection
	GlobalSection(ProjectConfigurationPlatforms) = postSolution
		{035F6A36-F579-4EB4-AF9F-891A5FE7083A}.Debug|Any CPU.ActiveCfg = Debug|Any CPU
		{035F6A36-F579-4EB4-AF9F-891A5FE7083A}.Debug|Any CPU.Build.0 = Debug|Any CPU
		{035F6A36-F579-4EB4-AF9F-891A5FE7083A}.Release|Any CPU.ActiveCfg = Release|Any CPU
		{035F6A36-F579-4EB4-AF9F-891A5FE7083A}.Release|Any CPU.Build.0 = Release|Any CPU
	EndGlobalSection
	GlobalSection(SolutionProperties) = preSolution
		HideSolutionNode = FALSE
	EndGlobalSection
	GlobalSection(ExtensibilityGlobals) = postSolution
		SolutionGuid = {6D8E6B5E-C396-461B-AF14-94C185C6F310}
	EndGlobalSection
EndGlobal
